
Microsoft Visual Studio Solution File, Format Version 12.00
# Visual Studio Version 16
VisualStudioVersion = 16.0.30907.101
MinimumVisualStudioVersion = 10.0.40219.1
Project("{FAE04EC0-301F-11D3-BF4B-00C04F79EFBC}") = "Studentportalen", "Studentportalen\Studentportalen.csproj", "{057A3365-F6EE-4D57-8AF9-167AB7A38579}"
EndProject
Global
	GlobalSection(SolutionConfigurationPlatforms) = preSolution
		Debug|Any CPU = Debug|Any CPU
		Release|Any CPU = Release|Any CPU
	EndGlobalSection
	GlobalSection(ProjectConfigurationPlatforms) = postSolution
		{057A3365-F6EE-4D57-8AF9-167AB7A38579}.Debug|Any CPU.ActiveCfg = Debug|Any CPU
		{057A3365-F6EE-4D57-8AF9-167AB7A38579}.Debug|Any CPU.Build.0 = Debug|Any CPU
		{057A3365-F6EE-4D57-8AF9-167AB7A38579}.Release|Any CPU.ActiveCfg = Release|Any CPU
		{057A3365-F6EE-4D57-8AF9-167AB7A38579}.Release|Any CPU.Build.0 = Release|Any CPU
	EndGlobalSection
	GlobalSection(SolutionProperties) = preSolution
		HideSolutionNode = FALSE
	EndGlobalSection
	GlobalSection(ExtensibilityGlobals) = postSolution
		SolutionGuid = {7BC4A5E5-1B93-4482-9E77-2334680BC58D}
	EndGlobalSection
EndGlobal
