
Microsoft Visual Studio Solution File, Format Version 12.00
# Visual Studio Version 16
VisualStudioVersion = 16.0.30907.101
MinimumVisualStudioVersion = 10.0.40219.1
Project("{FAE04EC0-301F-11D3-BF4B-00C04F79EFBC}") = "IdentityRolesPoliciesClaims", "IdentityRolesPoliciesClaims\IdentityRolesPoliciesClaims.csproj", "{2E9A16E4-5E75-4521-9406-69ECCC8C3246}"
EndProject
Global
	GlobalSection(SolutionConfigurationPlatforms) = preSolution
		Debug|Any CPU = Debug|Any CPU
		Release|Any CPU = Release|Any CPU
	EndGlobalSection
	GlobalSection(ProjectConfigurationPlatforms) = postSolution
		{2E9A16E4-5E75-4521-9406-69ECCC8C3246}.Debug|Any CPU.ActiveCfg = Debug|Any CPU
		{2E9A16E4-5E75-4521-9406-69ECCC8C3246}.Debug|Any CPU.Build.0 = Debug|Any CPU
		{2E9A16E4-5E75-4521-9406-69ECCC8C3246}.Release|Any CPU.ActiveCfg = Release|Any CPU
		{2E9A16E4-5E75-4521-9406-69ECCC8C3246}.Release|Any CPU.Build.0 = Release|Any CPU
	EndGlobalSection
	GlobalSection(SolutionProperties) = preSolution
		HideSolutionNode = FALSE
	EndGlobalSection
	GlobalSection(ExtensibilityGlobals) = postSolution
		SolutionGuid = {042ED7BC-43E5-4D48-BF4E-9CCBDC468685}
	EndGlobalSection
EndGlobal
