
Microsoft Visual Studio Solution File, Format Version 12.00
# Visual Studio Version 16
VisualStudioVersion = 16.0.30907.101
MinimumVisualStudioVersion = 10.0.40219.1
Project("{FAE04EC0-301F-11D3-BF4B-00C04F79EFBC}") = "AutoMapperDemo", "AutoMapperDemo\AutoMapperDemo.csproj", "{94E8AF3E-EDFC-4FF5-9375-89C017FCFFA7}"
EndProject
Project("{FAE04EC0-301F-11D3-BF4B-00C04F79EFBC}") = "Repository", "Repository\Repository.csproj", "{D9D63A9E-C860-4CFC-B22F-F2D6F4BABF49}"
EndProject
Global
	GlobalSection(SolutionConfigurationPlatforms) = preSolution
		Debug|Any CPU = Debug|Any CPU
		Release|Any CPU = Release|Any CPU
	EndGlobalSection
	GlobalSection(ProjectConfigurationPlatforms) = postSolution
		{94E8AF3E-EDFC-4FF5-9375-89C017FCFFA7}.Debug|Any CPU.ActiveCfg = Debug|Any CPU
		{94E8AF3E-EDFC-4FF5-9375-89C017FCFFA7}.Debug|Any CPU.Build.0 = Debug|Any CPU
		{94E8AF3E-EDFC-4FF5-9375-89C017FCFFA7}.Release|Any CPU.ActiveCfg = Release|Any CPU
		{94E8AF3E-EDFC-4FF5-9375-89C017FCFFA7}.Release|Any CPU.Build.0 = Release|Any CPU
		{D9D63A9E-C860-4CFC-B22F-F2D6F4BABF49}.Debug|Any CPU.ActiveCfg = Debug|Any CPU
		{D9D63A9E-C860-4CFC-B22F-F2D6F4BABF49}.Debug|Any CPU.Build.0 = Debug|Any CPU
		{D9D63A9E-C860-4CFC-B22F-F2D6F4BABF49}.Release|Any CPU.ActiveCfg = Release|Any CPU
		{D9D63A9E-C860-4CFC-B22F-F2D6F4BABF49}.Release|Any CPU.Build.0 = Release|Any CPU
	EndGlobalSection
	GlobalSection(SolutionProperties) = preSolution
		HideSolutionNode = FALSE
	EndGlobalSection
	GlobalSection(ExtensibilityGlobals) = postSolution
		SolutionGuid = {67263DD8-4ED7-44BD-9AD8-084DD3413AB6}
	EndGlobalSection
EndGlobal
