
Microsoft Visual Studio Solution File, Format Version 12.00
# Visual Studio Version 16
VisualStudioVersion = 16.0.30907.101
MinimumVisualStudioVersion = 10.0.40219.1
Project("{FAE04EC0-301F-11D3-BF4B-00C04F79EFBC}") = "IdentityWithRolesAndPolicy", "IdentityWithRolesAndPolicy\IdentityWithRolesAndPolicy.csproj", "{97283F98-BFE6-405B-8AA4-0E1C6677E5F9}"
EndProject
Global
	GlobalSection(SolutionConfigurationPlatforms) = preSolution
		Debug|Any CPU = Debug|Any CPU
		Release|Any CPU = Release|Any CPU
	EndGlobalSection
	GlobalSection(ProjectConfigurationPlatforms) = postSolution
		{97283F98-BFE6-405B-8AA4-0E1C6677E5F9}.Debug|Any CPU.ActiveCfg = Debug|Any CPU
		{97283F98-BFE6-405B-8AA4-0E1C6677E5F9}.Debug|Any CPU.Build.0 = Debug|Any CPU
		{97283F98-BFE6-405B-8AA4-0E1C6677E5F9}.Release|Any CPU.ActiveCfg = Release|Any CPU
		{97283F98-BFE6-405B-8AA4-0E1C6677E5F9}.Release|Any CPU.Build.0 = Release|Any CPU
	EndGlobalSection
	GlobalSection(SolutionProperties) = preSolution
		HideSolutionNode = FALSE
	EndGlobalSection
	GlobalSection(ExtensibilityGlobals) = postSolution
		SolutionGuid = {612E7985-59A2-4494-ADDD-BCBC6EE5C9D3}
	EndGlobalSection
EndGlobal
